version = 1
revision = 3
requires-python = ">=3.10"
required-markers = [
    "platform_machine == 'arm64' and sys_platform == 'darwin'",
]

[[package]]
name = "mlx"
version = "0.32.0"
source = { registry = "https://pypi.org/simple" }
dependencies = [
    { name = "mlx-metal", marker = "sys_platform == 'darwin'" },
]
wheels = [
    { url = "https://files.pythonhosted.org/packages/df/38/a034159df4d21ef7b5721225a2c46092e20a2c627724f57be3e89fa7dbce/mlx-0.32.0-cp310-cp310-macosx_14_0_arm64.whl", hash = "sha256:c6feb17e32160b70c7634aab925cf3f8c5c7bebbf99f227c48450478e1008af2", size = 562899, upload-time = "2026-07-07T17:55:25.157Z" },
    { url = "https://files.pythonhosted.org/packages/b7/8c/054d26695279155b590a95330440b592bd9c2dfe9cf450812b18ac598962/mlx-0.32.0-cp310-cp310-macosx_15_0_arm64.whl", hash = "sha256:73303259f2bda7fb4a0c782a7299e0e28a2890b9b6fbfc4b635fb8032208ec7e", size = 562898, upload-time = "2026-07-07T17:55:26.995Z" },
    { url = "https://files.pythonhosted.org/packages/16/06/9f74a23e8d3931a87e0fa24044fe178656d69852ca20493b50e7da2326c3/mlx-0.32.0-cp310-cp310-macosx_26_0_arm64.whl", hash = "sha256:8637003c6eb089443d149fdb483f5d7a7846d6cc43d112148d7aa07cf1356c04", size = 562871, upload-time = "2026-07-07T17:55:28.668Z" },
    { url = "https://files.pythonhosted.org/packages/3e/c7/cb62301b01dbccd66b256cab0c98fc29e7533dd76aa599fe44c1bb1f4168/mlx-0.32.0-cp311-cp311-macosx_14_0_arm64.whl", hash = "sha256:72c605368d145c756877057d7e3c54f169c9899fe1f83232bfb3a6342561e234", size = 562792, upload-time = "2026-07-07T17:55:35.24Z" },
    { url = "https://files.pythonhosted.org/packages/1a/b1/c2eba5bb18c94a9fe1b5d6599f18ba2ef5de2d8b42439716d9241ab196c4/mlx-0.32.0-cp311-cp311-macosx_15_0_arm64.whl", hash = "sha256:0a0e38a409b9cae29647ec9e75ce9747b224ce7e5d91adbfad7eac37b6118ffd", size = 562792, upload-time = "2026-07-07T17:55:36.876Z" },
    { url = "https://files.pythonhosted.org/packages/1f/43/5b481bfb8f1234153fd8fef9dcacfe34860b0934eb507c0eb811ba599afe/mlx-0.32.0-cp311-cp311-macosx_26_0_arm64.whl", hash = "sha256:2a180cd39ac68b397b85cc4658d0b8e0ab58166c2549fc9ab2ca5f99d15ef0c3", size = 562776, upload-time = "2026-07-07T17:55:38.314Z" },
    { url = "https://files.pythonhosted.org/packages/aa/a6/489176d8a2a06137a299910057cc44dc3fccfb73151f7562fea2b75894d9/mlx-0.32.0-cp312-cp312-macosx_14_0_arm64.whl", hash = "sha256:ea5a594355c89c0095eaba413fd39d4caa8642fa13432dfb0c9354d141046467", size = 558889, upload-time = "2026-07-07T17:55:45.268Z" },
    { url = "https://files.pythonhosted.org/packages/85/2a/5d1f1cb1b073c39c822e0c0be1e68f4ced6fd32ab15cf8bb1f448028842c/mlx-0.32.0-cp312-cp312-macosx_15_0_arm64.whl", hash = "sha256:e5f778001562ccce26cf6e5be1050d2afc78e2902bad206201ab9f5a6d0f886a", size = 558890, upload-time = "2026-07-07T17:55:46.701Z" },
    { url = "https://files.pythonhosted.org/packages/0f/01/02110ceacf4efd00ec172f60b4cd42c8b1509ac50ffa65a6a77d723133aa/mlx-0.32.0-cp312-cp312-macosx_26_0_arm64.whl", hash = "sha256:8dfb577faa4dc413cfd0d6eb78f230d3b3b6169df4473e84408abdeb21346e9d", size = 558856, upload-time = "2026-07-07T17:55:48.09Z" },
    { url = "https://files.pythonhosted.org/packages/b6/be/ddc888d4a20c7602da06ad1a244f495010c6c7d2457f6253e8fa3c99ceea/mlx-0.32.0-cp313-cp313-macosx_14_0_arm64.whl", hash = "sha256:abb786ee1e9638759be82583222fc7d09c5650ef90ad2b7c5da7d1931a8676dc", size = 558795, upload-time = "2026-07-07T17:55:54.907Z" },
    { url = "https://files.pythonhosted.org/packages/38/b9/4f0ae7785fdb3fa7e44434908d832cbc7a9a1e096d046ac6fe953812c52c/mlx-0.32.0-cp313-cp313-macosx_15_0_arm64.whl", hash = "sha256:deb284f3a5cd0c3e87bed80c2bee9dcbf946bdad44d75592f6fb784da878c1c0", size = 558799, upload-time = "2026-07-07T17:55:56.844Z" },
    { url = "https://files.pythonhosted.org/packages/4c/a8/7bc999ce5d09dfac8961dcda4ed47e173fca2857492f34599b237380f20d/mlx-0.32.0-cp313-cp313-macosx_26_0_arm64.whl", hash = "sha256:4192a2d02014a13a6a1030bf13dfb4e4fe05ec3ffa47678ee37da29111e25cb1", size = 558786, upload-time = "2026-07-07T17:55:58.272Z" },
    { url = "https://files.pythonhosted.org/packages/aa/90/5e49c183f9024f86dc1f038866ccd743aaec1fe412a7e7dc76fec9271f48/mlx-0.32.0-cp314-cp314-macosx_14_0_arm64.whl", hash = "sha256:2ee79b1f8c2c2a329afc95ece7dce0be798d43f3de771a6370d2b9f9702bbd9a", size = 561387, upload-time = "2026-07-07T17:56:05.177Z" },
    { url = "https://files.pythonhosted.org/packages/dc/33/e3d7f7a18331523762e9968b6716e81514649af81ffd9ba4364e3df95823/mlx-0.32.0-cp314-cp314-macosx_15_0_arm64.whl", hash = "sha256:e0db558267bb2d13fac4f85674456adbe0f085c570b9219e03d4e95fdc11c4d0", size = 561389, upload-time = "2026-07-07T17:56:06.743Z" },
    { url = "https://files.pythonhosted.org/packages/c2/58/bd847d3fed65296573a4bb3399adde6934c0a718813b5636000d7d1b4063/mlx-0.32.0-cp314-cp314-macosx_26_0_arm64.whl", hash = "sha256:23e83c8e74a23156696e9f9905d16a17b7d27b5a596c1bc0f720a98df1c5aadf", size = 561392, upload-time = "2026-07-07T17:56:08.237Z" },
]

[[package]]
name = "mlx-metal"
version = "0.32.0"
source = { registry = "https://pypi.org/simple" }
wheels = [
    { url = "https://files.pythonhosted.org/packages/d6/ef/d74ae99cfe9ddb59fd08abd14f47754c3d199291a93756903fa595b31b8a/mlx_metal-0.32.0-py3-none-macosx_14_0_arm64.whl", hash = "sha256:5b64b20ac24b0c401f489de01e8209edc4d372125201f19314e6f39e385322aa", size = 40824649, upload-time = "2026-07-07T17:55:20.7Z" },
    { url = "https://files.pythonhosted.org/packages/d5/38/b96a3de98cfbb009592b3870af46ff63657b192f8d1e06c6c1faea5fbef3/mlx_metal-0.32.0-py3-none-macosx_15_0_arm64.whl", hash = "sha256:1bd94a1ce5b03a0c898771a3e759f0124300c6ab5155127906a1d50b1f3fcf19", size = 40818869, upload-time = "2026-07-07T17:55:25.059Z" },
    { url = "https://files.pythonhosted.org/packages/dc/59/65d32520175379df33f107749193aa94ea9db069167a36a1a100ff689f62/mlx_metal-0.32.0-py3-none-macosx_26_0_arm64.whl", hash = "sha256:3af76a498d84804f66119800499f9d143d7dffb0878a0dd0d7c2846e58565fd7", size = 56511379, upload-time = "2026-07-07T17:55:36.045Z" },
]

[[package]]
name = "pulsar-mlx-worker"
version = "0.1.0"
source = { editable = "." }
dependencies = [
    { name = "mlx", marker = "platform_machine == 'arm64' and sys_platform == 'darwin'" },
]

[package.metadata]
requires-dist = [{ name = "mlx", marker = "platform_machine == 'arm64' and sys_platform == 'darwin'", specifier = "==0.32.0" }]
